
Microsoft Visual Studio Solution File, Format Version 12.00
# Visual Studio Version 16
VisualStudioVersion = 16.0.31129.286
MinimumVisualStudioVersion = 10.0.40219.1
Project("{FAE04EC0-301F-11D3-BF4B-00C04F79EFBC}") = "Sudoku", "Sudoku.csproj", "{72B69D5D-3F9B-40E7-BB54-C98EB32E5C78}"
EndProject
Global
	GlobalSection(SolutionConfigurationPlatforms) = preSolution
		Debug|Any CPU = Debug|Any CPU
		Release|Any CPU = Release|Any CPU
	EndGlobalSection
	GlobalSection(ProjectConfigurationPlatforms) = postSolution
		{72B69D5D-3F9B-40E7-BB54-C98EB32E5C78}.Debug|Any CPU.ActiveCfg = Debug|Any CPU
		{72B69D5D-3F9B-40E7-BB54-C98EB32E5C78}.Debug|Any CPU.Build.0 = Debug|Any CPU
		{72B69D5D-3F9B-40E7-BB54-C98EB32E5C78}.Release|Any CPU.ActiveCfg = Release|Any CPU
		{72B69D5D-3F9B-40E7-BB54-C98EB32E5C78}.Release|Any CPU.Build.0 = Release|Any CPU
	EndGlobalSection
	GlobalSection(SolutionProperties) = preSolution
		HideSolutionNode = FALSE
	EndGlobalSection
	GlobalSection(ExtensibilityGlobals) = postSolution
		SolutionGuid = {CDC1A6AA-387C-4735-ADD2-6C4FBE5C4A7C}
	EndGlobalSection
EndGlobal
